
Microsoft Visual Studio Solution File, Format Version 12.00
# Visual Studio 15
VisualStudioVersion = 15.0.26730.12
MinimumVisualStudioVersion = 10.0.40219.1
Project("{FAE04EC0-301F-11D3-BF4B-00C04F79EFBC}") = "Web", "Fornecedor\Web.csproj", "{6BE4E6C8-7AEB-43C6-BBF3-CCAE10E6402F}"
EndProject
Global
	GlobalSection(SolutionConfigurationPlatforms) = preSolution
		Debug|Any CPU = Debug|Any CPU
		Release|Any CPU = Release|Any CPU
	EndGlobalSection
	GlobalSection(ProjectConfigurationPlatforms) = postSolution
		{6BE4E6C8-7AEB-43C6-BBF3-CCAE10E6402F}.Debug|Any CPU.ActiveCfg = Debug|Any CPU
		{6BE4E6C8-7AEB-43C6-BBF3-CCAE10E6402F}.Debug|Any CPU.Build.0 = Debug|Any CPU
		{6BE4E6C8-7AEB-43C6-BBF3-CCAE10E6402F}.Release|Any CPU.ActiveCfg = Release|Any CPU
		{6BE4E6C8-7AEB-43C6-BBF3-CCAE10E6402F}.Release|Any CPU.Build.0 = Release|Any CPU
	EndGlobalSection
	GlobalSection(SolutionProperties) = preSolution
		HideSolutionNode = FALSE
	EndGlobalSection
	GlobalSection(ExtensibilityGlobals) = postSolution
		SolutionGuid = {4720B06E-A564-4395-A4C0-E156825B3A31}
	EndGlobalSection
EndGlobal
